
Microsoft Visual Studio Solution File, Format Version 11.00
# Visual Studio 2010
Project("{FAE04EC0-301F-11D3-BF4B-00C04F79EFBC}") = "DOTween.Modules", "DOTween.Modules.csproj", "{35352e21-5ea2-ec33-7ad7-d529d0fc10b3}"
EndProject
Project("{FAE04EC0-301F-11D3-BF4B-00C04F79EFBC}") = "Assembly-CSharp", "Assembly-CSharp.csproj", "{073fd300-7050-7eba-90b6-715b6baa2ce3}"
EndProject
Project("{FAE04EC0-301F-11D3-BF4B-00C04F79EFBC}") = "Assembly-CSharp-Editor", "Assembly-CSharp-Editor.csproj", "{3b773dc9-e575-b979-1bbc-ac357809dd6b}"
EndProject
Project("{FAE04EC0-301F-11D3-BF4B-00C04F79EFBC}") = "Assembly-CSharp-firstpass", "Assembly-CSharp-firstpass.csproj", "{48cf9cd6-61f4-581a-2cf3-f213c5577fd9}"
EndProject
Global
	GlobalSection(SolutionConfigurationPlatforms) = preSolution
		Debug|Any CPU = Debug|Any CPU
	EndGlobalSection
	GlobalSection(ProjectConfigurationPlatforms) = postSolution
		{35352e21-5ea2-ec33-7ad7-d529d0fc10b3}.Debug|Any CPU.ActiveCfg = Debug|Any CPU
		{35352e21-5ea2-ec33-7ad7-d529d0fc10b3}.Debug|Any CPU.Build.0 = Debug|Any CPU
		{073fd300-7050-7eba-90b6-715b6baa2ce3}.Debug|Any CPU.ActiveCfg = Debug|Any CPU
		{073fd300-7050-7eba-90b6-715b6baa2ce3}.Debug|Any CPU.Build.0 = Debug|Any CPU
		{3b773dc9-e575-b979-1bbc-ac357809dd6b}.Debug|Any CPU.ActiveCfg = Debug|Any CPU
		{3b773dc9-e575-b979-1bbc-ac357809dd6b}.Debug|Any CPU.Build.0 = Debug|Any CPU
		{48cf9cd6-61f4-581a-2cf3-f213c5577fd9}.Debug|Any CPU.ActiveCfg = Debug|Any CPU
		{48cf9cd6-61f4-581a-2cf3-f213c5577fd9}.Debug|Any CPU.Build.0 = Debug|Any CPU
	EndGlobalSection
	GlobalSection(SolutionProperties) = preSolution
		HideSolutionNode = FALSE
	EndGlobalSection
EndGlobal
